
Microsoft Visual Studio Solution File, Format Version 12.00
# Visual Studio Version 17
VisualStudioVersion = 17.14.36518.9
MinimumVisualStudioVersion = 10.0.40219.1
Project("{FAE04EC0-301F-11D3-BF4B-00C04F79EFBC}") = "POGOY H2 - CPE262 Final Project", "POGOY H2 - CPE262 Final Project.csproj", "{B6EC526F-79A2-4B6A-BF39-CF562206EF2B}"
EndProject
Global
	GlobalSection(SolutionConfigurationPlatforms) = preSolution
		Debug|Any CPU = Debug|Any CPU
		Release|Any CPU = Release|Any CPU
	EndGlobalSection
	GlobalSection(ProjectConfigurationPlatforms) = postSolution
		{B6EC526F-79A2-4B6A-BF39-CF562206EF2B}.Debug|Any CPU.ActiveCfg = Debug|Any CPU
		{B6EC526F-79A2-4B6A-BF39-CF562206EF2B}.Debug|Any CPU.Build.0 = Debug|Any CPU
		{B6EC526F-79A2-4B6A-BF39-CF562206EF2B}.Release|Any CPU.ActiveCfg = Release|Any CPU
		{B6EC526F-79A2-4B6A-BF39-CF562206EF2B}.Release|Any CPU.Build.0 = Release|Any CPU
	EndGlobalSection
	GlobalSection(SolutionProperties) = preSolution
		HideSolutionNode = FALSE
	EndGlobalSection
	GlobalSection(ExtensibilityGlobals) = postSolution
		SolutionGuid = {90EF0C62-7E49-4512-A466-A5880CC63D5F}
	EndGlobalSection
EndGlobal
